{
  "name": "rate-photos",
  "version": "0.1.0",
  "lockfileVersion": 2,
  "requires": true,
  "packages": {
    "": {
      "name": "rate-photos",
      "version": "0.1.0",
      "dependencies": {
        "@rails/actioncable": "^7.0.1",
        "@rails/actiontext": "^7.0.1",
        "@rails/activestorage": "^7.0.1",
        "@rails/ujs": "^6.0.0",
        "local-time": "^2.1.0",
        "trix": "^1.3.1",
        "turbolinks": "^5.2.0"
      }
    },
    "node_modules/@rails/actioncable": {
      "version": "7.0.1",
      "resolved": "https://registry.npmjs.org/@rails/actioncable/-/actioncable-7.0.1.tgz",
      "integrity": "sha512-lbGc1z2RXdiWZJE/8o2GSe2gek82EoKd2YvjRrqV//0J3/JImONUYwZ2XPmS1R9R2oth1XlIG0YidqdeTty0TA==",
      "license": "MIT"
    },
    "node_modules/@rails/actiontext": {
      "version": "7.0.1",
      "resolved": "https://registry.npmjs.org/@rails/actiontext/-/actiontext-7.0.1.tgz",
      "integrity": "sha512-O9relaASXsUj8JavDLW16hIBGtiDDIDiQhQY4MKDpk90J9vwzJfswKIABRFd8WK3nF8oKvZY27x2J0pdXt4wWA==",
      "license": "MIT",
      "dependencies": {
        "@rails/activestorage": ">= 7.0.0-alpha1"
      },
      "peerDependencies": {
        "trix": "^1.3.1"
      }
    },
    "node_modules/@rails/activestorage": {
      "version": "7.0.1",
      "resolved": "https://registry.npmjs.org/@rails/activestorage/-/activestorage-7.0.1.tgz",
      "integrity": "sha512-086z2aymPsfJITR8tbXjMr5OipfoFcoWJn5y5krXx3zo9zCEBQjSVR/tS2oHQGCSxIsF0E7a9Ds1cFXrnEdSKQ==",
      "license": "MIT",
      "dependencies": {
        "spark-md5": "^3.0.1"
      }
    },
    "node_modules/@rails/ujs": {
      "version": "6.1.4",
      "resolved": "https://registry.npmjs.org/@rails/ujs/-/ujs-6.1.4.tgz",
      "integrity": "sha512-O3lEzL5DYbxppMdsFSw36e4BHIlfz/xusynwXGv3l2lhSlvah41qviRpsoAlKXxl37nZAqK+UUF5cnGGK45Mfw==",
      "license": "MIT"
    },
    "node_modules/local-time": {
      "version": "2.1.0",
      "resolved": "https://registry.npmjs.org/local-time/-/local-time-2.1.0.tgz",
      "integrity": "sha512-4rB/8EkJIZ8O8Y5q536fSsRbzXOI0cL30l3ZKm4ISPC4D8jYOhRp/MpAaGKAYUvVIqkojT0c7kJk0RlnwtlR2w==",
      "license": "MIT"
    },
    "node_modules/spark-md5": {
      "version": "3.0.2",
      "resolved": "https://registry.npmjs.org/spark-md5/-/spark-md5-3.0.2.tgz",
      "integrity": "sha512-wcFzz9cDfbuqe0FZzfi2or1sgyIrsDwmPwfZC4hiNidPdPINjeUwNfv5kldczoEAcjl9Y1L3SM7Uz2PUEQzxQw==",
      "license": "(WTFPL OR MIT)"
    },
    "node_modules/trix": {
      "version": "1.3.1",
      "resolved": "https://registry.npmjs.org/trix/-/trix-1.3.1.tgz",
      "integrity": "sha512-BbH6mb6gk+AV4f2as38mP6Ucc1LE3OD6XxkZnAgPIduWXYtvg2mI3cZhIZSLqmMh9OITEpOBCCk88IVmyjU7bA==",
      "license": "MIT"
    },
    "node_modules/turbolinks": {
      "version": "5.2.0",
      "resolved": "https://registry.npmjs.org/turbolinks/-/turbolinks-5.2.0.tgz",
      "integrity": "sha512-pMiez3tyBo6uRHFNNZoYMmrES/IaGgMhQQM+VFF36keryjb5ms0XkVpmKHkfW/4Vy96qiGW3K9bz0tF5sK9bBw==",
      "license": "MIT"
    }
  },
  "dependencies": {
    "@rails/actioncable": {
      "version": "7.0.1",
      "resolved": "https://registry.npmjs.org/@rails/actioncable/-/actioncable-7.0.1.tgz",
      "integrity": "sha512-lbGc1z2RXdiWZJE/8o2GSe2gek82EoKd2YvjRrqV//0J3/JImONUYwZ2XPmS1R9R2oth1XlIG0YidqdeTty0TA=="
    },
    "@rails/actiontext": {
      "version": "7.0.1",
      "resolved": "https://registry.npmjs.org/@rails/actiontext/-/actiontext-7.0.1.tgz",
      "integrity": "sha512-O9relaASXsUj8JavDLW16hIBGtiDDIDiQhQY4MKDpk90J9vwzJfswKIABRFd8WK3nF8oKvZY27x2J0pdXt4wWA==",
      "requires": {
        "@rails/activestorage": ">= 7.0.0-alpha1"
      }
    },
    "@rails/activestorage": {
      "version": "7.0.1",
      "resolved": "https://registry.npmjs.org/@rails/activestorage/-/activestorage-7.0.1.tgz",
      "integrity": "sha512-086z2aymPsfJITR8tbXjMr5OipfoFcoWJn5y5krXx3zo9zCEBQjSVR/tS2oHQGCSxIsF0E7a9Ds1cFXrnEdSKQ==",
      "requires": {
        "spark-md5": "^3.0.1"
      }
    },
    "@rails/ujs": {
      "version": "6.1.4",
      "resolved": "https://registry.npmjs.org/@rails/ujs/-/ujs-6.1.4.tgz",
      "integrity": "sha512-O3lEzL5DYbxppMdsFSw36e4BHIlfz/xusynwXGv3l2lhSlvah41qviRpsoAlKXxl37nZAqK+UUF5cnGGK45Mfw=="
    },
    "local-time": {
      "version": "2.1.0",
      "resolved": "https://registry.npmjs.org/local-time/-/local-time-2.1.0.tgz",
      "integrity": "sha512-4rB/8EkJIZ8O8Y5q536fSsRbzXOI0cL30l3ZKm4ISPC4D8jYOhRp/MpAaGKAYUvVIqkojT0c7kJk0RlnwtlR2w=="
    },
    "spark-md5": {
      "version": "3.0.2",
      "resolved": "https://registry.npmjs.org/spark-md5/-/spark-md5-3.0.2.tgz",
      "integrity": "sha512-wcFzz9cDfbuqe0FZzfi2or1sgyIrsDwmPwfZC4hiNidPdPINjeUwNfv5kldczoEAcjl9Y1L3SM7Uz2PUEQzxQw=="
    },
    "trix": {
      "version": "1.3.1",
      "resolved": "https://registry.npmjs.org/trix/-/trix-1.3.1.tgz",
      "integrity": "sha512-BbH6mb6gk+AV4f2as38mP6Ucc1LE3OD6XxkZnAgPIduWXYtvg2mI3cZhIZSLqmMh9OITEpOBCCk88IVmyjU7bA=="
    },
    "turbolinks": {
      "version": "5.2.0",
      "resolved": "https://registry.npmjs.org/turbolinks/-/turbolinks-5.2.0.tgz",
      "integrity": "sha512-pMiez3tyBo6uRHFNNZoYMmrES/IaGgMhQQM+VFF36keryjb5ms0XkVpmKHkfW/4Vy96qiGW3K9bz0tF5sK9bBw=="
    }
  }
}
